{
  "originHash" : "5463a19cd6c17a8367e8da15e8ccd3e39931d285d6d828a604fa77e0a88fd773",
  "pins" : [
    {
      "identity" : "down",
      "kind" : "remoteSourceControl",
      "location" : "https://github.com/johnxnguyen/Down.git",
      "state" : {
        "revision" : "f34b166be1f1db4aa8f573067e901d72f2a6be57",
        "version" : "0.11.0"
      }
    },
    {
      "identity" : "swiftdown",
      "kind" : "remoteSourceControl",
      "location" : "https://github.com/qeude/SwiftDown.git",
      "state" : {
        "revision" : "3a988bfa50ffbc55ee312749c326f8791d7f87ad",
        "version" : "0.4.1"
      }
    }
  ],
  "version" : 3
}
